// !$*UTF8*$!
{
	archiveVersion = 1;
	classes = {
	};
	objectVersion = 46;
	objects = {

/* Begin PBXBuildFile section */
		3A8E97B9268B9C33BFA101C7 /* Pods_socialapp.framework in Frameworks */ = {isa = PBXBuildFile; fileRef = 89014041BE9988B772124494 /* Pods_socialapp.framework */; };
		4A8415FD1E6F235D00F2B411 /* CircleImage.swift in Sources */ = {isa = PBXBuildFile; fileRef = 4A8415FC1E6F235D00F2B411 /* CircleImage.swift */; };
		4A8415FF1E6F240F00F2B411 /* RoundedView.swift in Sources */ = {isa = PBXBuildFile; fileRef = 4A8415FE1E6F240F00F2B411 /* RoundedView.swift */; };
		4A8416011E6F25A400F2B411 /* FeedVC.swift in Sources */ = {isa = PBXBuildFile; fileRef = 4A8416001E6F25A400F2B411 /* FeedVC.swift */; };
		4AC2D2BE1E40EF3B0004548A /* UserVC.swift in Sources */ = {isa = PBXBuildFile; fileRef = 4AC2D2BD1E40EF3B0004548A /* UserVC.swift */; };
		4AE9A33A1E805F33004D8E7B /* Post.swift in Sources */ = {isa = PBXBuildFile; fileRef = 4AE9A3391E805F33004D8E7B /* Post.swift */; };
		4AE9A33C1E806474004D8E7B /* PostCell.swift in Sources */ = {isa = PBXBuildFile; fileRef = 4AE9A33B1E806474004D8E7B /* PostCell.swift */; };
		4AFF87C61E40E13400FA0C0F /* AppDelegate.swift in Sources */ = {isa = PBXBuildFile; fileRef = 4AFF87C51E40E13400FA0C0F /* AppDelegate.swift */; };
		4AFF87C81E40E13400FA0C0F /* ViewController.swift in Sources */ = {isa = PBXBuildFile; fileRef = 4AFF87C71E40E13400FA0C0F /* ViewController.swift */; };
		4AFF87CB1E40E13400FA0C0F /* Main.storyboard in Resources */ = {isa = PBXBuildFile; fileRef = 4AFF87C91E40E13400FA0C0F /* Main.storyboard */; };
		4AFF87CD1E40E13500FA0C0F /* Assets.xcassets in Resources */ = {isa = PBXBuildFile; fileRef = 4AFF87CC1E40E13500FA0C0F /* Assets.xcassets */; };
		4AFF87D01E40E13500FA0C0F /* LaunchScreen.storyboard in Resources */ = {isa = PBXBuildFile; fileRef = 4AFF87CE1E40E13500FA0C0F /* LaunchScreen.storyboard */; };
/* End PBXBuildFile section */

/* Begin PBXFileReference section */
		4A8415FC1E6F235D00F2B411 /* CircleImage.swift */ = {isa = PBXFileReference; fileEncoding = 4; lastKnownFileType = sourcecode.swift; path = CircleImage.swift; sourceTree = "<group>"; };
		4A8415FE1E6F240F00F2B411 /* RoundedView.swift */ = {isa = PBXFileReference; fileEncoding = 4; lastKnownFileType = sourcecode.swift; path = RoundedView.swift; sourceTree = "<group>"; };
		4A8416001E6F25A400F2B411 /* FeedVC.swift */ = {isa = PBXFileReference; fileEncoding = 4; lastKnownFileType = sourcecode.swift; path = FeedVC.swift; sourceTree = "<group>"; };
		4AC2D2BD1E40EF3B0004548A /* UserVC.swift */ = {isa = PBXFileReference; fileEncoding = 4; lastKnownFileType = sourcecode.swift; path = UserVC.swift; sourceTree = "<group>"; };
		4AE9A3391E805F33004D8E7B /* Post.swift */ = {isa = PBXFileReference; fileEncoding = 4; lastKnownFileType = sourcecode.swift; path = Post.swift; sourceTree = "<group>"; };
		4AE9A33B1E806474004D8E7B /* PostCell.swift */ = {isa = PBXFileReference; fileEncoding = 4; lastKnownFileType = sourcecode.swift; path = PostCell.swift; sourceTree = "<group>"; };
		4AFF87C21E40E13400FA0C0F /* socialapp.app */ = {isa = PBXFileReference; explicitFileType = wrapper.application; includeInIndex = 0; path = socialapp.app; sourceTree = BUILT_PRODUCTS_DIR; };
		4AFF87C51E40E13400FA0C0F /* AppDelegate.swift */ = {isa = PBXFileReference; lastKnownFileType = sourcecode.swift; path = AppDelegate.swift; sourceTree = "<group>"; };
		4AFF87C71E40E13400FA0C0F /* ViewController.swift */ = {isa = PBXFileReference; lastKnownFileType = sourcecode.swift; path = ViewController.swift; sourceTree = "<group>"; };
		4AFF87CA1E40E13400FA0C0F /* Base */ = {isa = PBXFileReference; lastKnownFileType = file.storyboard; name = Base; path = Base.lproj/Main.storyboard; sourceTree = "<group>"; };
		4AFF87CC1E40E13500FA0C0F /* Assets.xcassets */ = {isa = PBXFileReference; lastKnownFileType = folder.assetcatalog; path = Assets.xcassets; sourceTree = "<group>"; };
		4AFF87CF1E40E13500FA0C0F /* Base */ = {isa = PBXFileReference; lastKnownFileType = file.storyboard; name = Base; path = Base.lproj/LaunchScreen.storyboard; sourceTree = "<group>"; };
		4AFF87D11E40E13500FA0C0F /* Info.plist */ = {isa = PBXFileReference; lastKnownFileType = text.plist.xml; path = Info.plist; sourceTree = "<group>"; };
		89014041BE9988B772124494 /* Pods_socialapp.framework */ = {isa = PBXFileReference; explicitFileType = wrapper.framework; includeInIndex = 0; path = Pods_socialapp.framework; sourceTree = BUILT_PRODUCTS_DIR; };
		D27DC0CB1DC5E6C7D8AC0ADE /* Pods-socialapp.release.xcconfig */ = {isa = PBXFileReference; includeInIndex = 1; lastKnownFileType = text.xcconfig; name = "Pods-socialapp.release.xcconfig"; path = "Pods/Target Support Files/Pods-socialapp/Pods-socialapp.release.xcconfig"; sourceTree = "<group>"; };
		D7C1ED5BCC6FF2DABD6F6DF6 /* Pods-socialapp.debug.xcconfig */ = {isa = PBXFileReference; includeInIndex = 1; lastKnownFileType = text.xcconfig; name = "Pods-socialapp.debug.xcconfig"; path = "Pods/Target Support Files/Pods-socialapp/Pods-socialapp.debug.xcconfig"; sourceTree = "<group>"; };
/* End PBXFileReference section */

/* Begin PBXFrameworksBuildPhase section */
		4AFF87BF1E40E12E00FA0C0F /* Frameworks */ = {
			isa = PBXFrameworksBuildPhase;
			buildActionMask = 2147483647;
			files = (
				3A8E97B9268B9C33BFA101C7 /* Pods_socialapp.framework in Frameworks */,
			);
			runOnlyForDeploymentPostprocessing = 0;
		};
/* End PBXFrameworksBuildPhase section */

/* Begin PBXGroup section */
		10EAFE6671F9DD53C24622A0 /* Frameworks */ = {
			isa = PBXGroup;
			children = (
				89014041BE9988B772124494 /* Pods_socialapp.framework */,
			);
			name = Frameworks;
			sourceTree = "<group>";
		};
		267A89D5201159CD085A5490 /* Pods */ = {
			isa = PBXGroup;
			children = (
				D7C1ED5BCC6FF2DABD6F6DF6 /* Pods-socialapp.debug.xcconfig */,
				D27DC0CB1DC5E6C7D8AC0ADE /* Pods-socialapp.release.xcconfig */,
			);
			name = Pods;
			sourceTree = "<group>";
		};
		4A8415FB1E6F233700F2B411 /* view */ = {
			isa = PBXGroup;
			children = (
				4A8415FC1E6F235D00F2B411 /* CircleImage.swift */,
				4A8415FE1E6F240F00F2B411 /* RoundedView.swift */,
				4AE9A33B1E806474004D8E7B /* PostCell.swift */,
			);
			name = view;
			sourceTree = "<group>";
		};
		4AFF87B91E40E12E00FA0C0F = {
			isa = PBXGroup;
			children = (
				4AFF87C41E40E13400FA0C0F /* socialapp */,
				4AFF87C31E40E13400FA0C0F /* Products */,
				267A89D5201159CD085A5490 /* Pods */,
				10EAFE6671F9DD53C24622A0 /* Frameworks */,
			);
			sourceTree = "<group>";
		};
		4AFF87C31E40E13400FA0C0F /* Products */ = {
			isa = PBXGroup;
			children = (
				4AFF87C21E40E13400FA0C0F /* socialapp.app */,
			);
			name = Products;
			sourceTree = "<group>";
		};
		4AFF87C41E40E13400FA0C0F /* socialapp */ = {
			isa = PBXGroup;
			children = (
				4A8415FB1E6F233700F2B411 /* view */,
				4AFF87C51E40E13400FA0C0F /* AppDelegate.swift */,
				4AFF87C71E40E13400FA0C0F /* ViewController.swift */,
				4AC2D2BD1E40EF3B0004548A /* UserVC.swift */,
				4A8416001E6F25A400F2B411 /* FeedVC.swift */,
				4AFF87C91E40E13400FA0C0F /* Main.storyboard */,
				4AFF87CC1E40E13500FA0C0F /* Assets.xcassets */,
				4AFF87CE1E40E13500FA0C0F /* LaunchScreen.storyboard */,
				4AFF87D11E40E13500FA0C0F /* Info.plist */,
				4AE9A3391E805F33004D8E7B /* Post.swift */,
			);
			path = socialapp;
			sourceTree = "<group>";
		};
/* End PBXGroup section */

/* Begin PBXNativeTarget section */
		4AFF87C11E40E12E00FA0C0F /* socialapp */ = {
			isa = PBXNativeTarget;
			buildConfigurationList = 4AFF87D41E40E13500FA0C0F /* Build configuration list for PBXNativeTarget "socialapp" */;
			buildPhases = (
				A16164AAFC06895738F3B88C /* [CP] Check Pods Manifest.lock */,
				4AFF87BE1E40E12E00FA0C0F /* Sources */,
				4AFF87BF1E40E12E00FA0C0F /* Frameworks */,
				4AFF87C01E40E12E00FA0C0F /* Resources */,
				002CB301DADF4D8A47A3F229 /* [CP] Embed Pods Frameworks */,
				4F88FBF04ECCC1D6177F4774 /* [CP] Copy Pods Resources */,
			);
			buildRules = (
			);
			dependencies = (
			);
			name = socialapp;
			productName = socialapp;
			productReference = 4AFF87C21E40E13400FA0C0F /* socialapp.app */;
			productType = "com.apple.product-type.application";
		};
/* End PBXNativeTarget section */

/* Begin PBXProject section */
		4AFF87BA1E40E12E00FA0C0F /* Project object */ = {
			isa = PBXProject;
			attributes = {
				LastSwiftUpdateCheck = 0820;
				LastUpgradeCheck = 0820;
				ORGANIZATIONNAME = "Kasey Schlaudt";
				TargetAttributes = {
					4AFF87C11E40E12E00FA0C0F = {
						CreatedOnToolsVersion = 8.2.1;
						DevelopmentTeam = JKSR5823SA;
						ProvisioningStyle = Automatic;
					};
				};
			};
			buildConfigurationList = 4AFF87BD1E40E12E00FA0C0F /* Build configuration list for PBXProject "socialapp" */;
			compatibilityVersion = "Xcode 3.2";
			developmentRegion = English;
			hasScannedForEncodings = 0;
			knownRegions = (
				en,
				Base,
			);
			mainGroup = 4AFF87B91E40E12E00FA0C0F;
			productRefGroup = 4AFF87C31E40E13400FA0C0F /* Products */;
			projectDirPath = "";
			projectRoot = "";
			targets = (
				4AFF87C11E40E12E00FA0C0F /* socialapp */,
			);
		};
/* End PBXProject section */

/* Begin PBXResourcesBuildPhase section */
		4AFF87C01E40E12E00FA0C0F /* Resources */ = {
			isa = PBXResourcesBuildPhase;
			buildActionMask = 2147483647;
			files = (
				4AFF87D01E40E13500FA0C0F /* LaunchScreen.storyboard in Resources */,
				4AFF87CD1E40E13500FA0C0F /* Assets.xcassets in Resources */,
				4AFF87CB1E40E13400FA0C0F /* Main.storyboard in Resources */,
			);
			runOnlyForDeploymentPostprocessing = 0;
		};
/* End PBXResourcesBuildPhase section */

/* Begin PBXShellScriptBuildPhase section */
		002CB301DADF4D8A47A3F229 /* [CP] Embed Pods Frameworks */ = {
			isa = PBXShellScriptBuildPhase;
			buildActionMask = 2147483647;
			files = (
			);
			inputPaths = (
			);
			name = "[CP] Embed Pods Frameworks";
			outputPaths = (
			);
			runOnlyForDeploymentPostprocessing = 0;
			shellPath = /bin/sh;
			shellScript = "\"${SRCROOT}/Pods/Target Support Files/Pods-socialapp/Pods-socialapp-frameworks.sh\"\n";
			showEnvVarsInLog = 0;
		};
		4F88FBF04ECCC1D6177F4774 /* [CP] Copy Pods Resources */ = {
			isa = PBXShellScriptBuildPhase;
			buildActionMask = 2147483647;
			files = (
			);
			inputPaths = (
			);
			name = "[CP] Copy Pods Resources";
			outputPaths = (
			);
			runOnlyForDeploymentPostprocessing = 0;
			shellPath = /bin/sh;
			shellScript = "\"${SRCROOT}/Pods/Target Support Files/Pods-socialapp/Pods-socialapp-resources.sh\"\n";
			showEnvVarsInLog = 0;
		};
		A16164AAFC06895738F3B88C /* [CP] Check Pods Manifest.lock */ = {
			isa = PBXShellScriptBuildPhase;
			buildActionMask = 2147483647;
			files = (
			);
			inputPaths = (
			);
			name = "[CP] Check Pods Manifest.lock";
			outputPaths = (
			);
			runOnlyForDeploymentPostprocessing = 0;
			shellPath = /bin/sh;
			shellScript = "diff \"${PODS_ROOT}/../Podfile.lock\" \"${PODS_ROOT}/Manifest.lock\" > /dev/null\nif [ $? != 0 ] ; then\n    # print error to STDERR\n    echo \"error: The sandbox is not in sync with the Podfile.lock. Run 'pod install' or update your CocoaPods installation.\" >&2\n    exit 1\nfi\n";
			showEnvVarsInLog = 0;
		};
/* End PBXShellScriptBuildPhase section */

/* Begin PBXSourcesBuildPhase section */
		4AFF87BE1E40E12E00FA0C0F /* Sources */ = {
			isa = PBXSourcesBuildPhase;
			buildActionMask = 2147483647;
			files = (
				4A8416011E6F25A400F2B411 /* FeedVC.swift in Sources */,
				4AE9A33A1E805F33004D8E7B /* Post.swift in Sources */,
				4AFF87C81E40E13400FA0C0F /* ViewController.swift in Sources */,
				4A8415FD1E6F235D00F2B411 /* CircleImage.swift in Sources */,
				4AC2D2BE1E40EF3B0004548A /* UserVC.swift in Sources */,
				4A8415FF1E6F240F00F2B411 /* RoundedView.swift in Sources */,
				4AFF87C61E40E13400FA0C0F /* AppDelegate.swift in Sources */,
				4AE9A33C1E806474004D8E7B /* PostCell.swift in Sources */,
			);
			runOnlyForDeploymentPostprocessing = 0;
		};
/* End PBXSourcesBuildPhase section */

/* Begin PBXVariantGroup section */
		4AFF87C91E40E13400FA0C0F /* Main.storyboard */ = {
			isa = PBXVariantGroup;
			children = (
				4AFF87CA1E40E13400FA0C0F /* Base */,
			);
			name = Main.storyboard;
			sourceTree = "<group>";
		};
		4AFF87CE1E40E13500FA0C0F /* LaunchScreen.storyboard */ = {
			isa = PBXVariantGroup;
			children = (
				4AFF87CF1E40E13500FA0C0F /* Base */,
			);
			name = LaunchScreen.storyboard;
			sourceTree = "<group>";
		};
/* End PBXVariantGroup section */

/* Begin XCBuildConfiguration section */
		4AFF87D21E40E13500FA0C0F /* Debug */ = {
			isa = XCBuildConfiguration;
			buildSettings = {
				ALWAYS_SEARCH_USER_PATHS = NO;
				CLANG_ANALYZER_NONNULL = YES;
				CLANG_CXX_LANGUAGE_STANDARD = "gnu++0x";
				CLANG_CXX_LIBRARY = "libc++";
				CLANG_ENABLE_MODULES = YES;
				CLANG_ENABLE_OBJC_ARC = YES;
				CLANG_WARN_BOOL_CONVERSION = YES;
				CLANG_WARN_CONSTANT_CONVERSION = YES;
				CLANG_WARN_DIRECT_OBJC_ISA_USAGE = YES_ERROR;
				CLANG_WARN_DOCUMENTATION_COMMENTS = YES;
				CLANG_WARN_EMPTY_BODY = YES;
				CLANG_WARN_ENUM_CONVERSION = YES;
				CLANG_WARN_INFINITE_RECURSION = YES;
				CLANG_WARN_INT_CONVERSION = YES;
				CLANG_WARN_OBJC_ROOT_CLASS = YES_ERROR;
				CLANG_WARN_SUSPICIOUS_MOVE = YES;
				CLANG_WARN_UNREACHABLE_CODE = YES;
				CLANG_WARN__DUPLICATE_METHOD_MATCH = YES;
				"CODE_SIGN_IDENTITY[sdk=iphoneos*]" = "iPhone Developer";
				COPY_PHASE_STRIP = NO;
				DEBUG_INFORMATION_FORMAT = dwarf;
				ENABLE_STRICT_OBJC_MSGSEND = YES;
				ENABLE_TESTABILITY = YES;
				GCC_C_LANGUAGE_STANDARD = gnu99;
				GCC_DYNAMIC_NO_PIC = NO;
				GCC_NO_COMMON_BLOCKS = YES;
				GCC_OPTIMIZATION_LEVEL = 0;
				GCC_PREPROCESSOR_DEFINITIONS = (
					"DEBUG=1",
					"$(inherited)",
				);
				GCC_WARN_64_TO_32_BIT_CONVERSION = YES;
				GCC_WARN_ABOUT_RETURN_TYPE = YES_ERROR;
				GCC_WARN_UNDECLARED_SELECTOR = YES;
				GCC_WARN_UNINITIALIZED_AUTOS = YES_AGGRESSIVE;
				GCC_WARN_UNUSED_FUNCTION = YES;
				GCC_WARN_UNUSED_VARIABLE = YES;
				IPHONEOS_DEPLOYMENT_TARGET = 10.2;
				MTL_ENABLE_DEBUG_INFO = YES;
				ONLY_ACTIVE_ARCH = YES;
				SDKROOT = iphoneos;
				SWIFT_ACTIVE_COMPILATION_CONDITIONS = DEBUG;
				SWIFT_OPTIMIZATION_LEVEL = "-Onone";
				TARGETED_DEVICE_FAMILY = "1,2";
			};
			name = Debug;
		};
		4AFF87D31E40E13500FA0C0F /* Release */ = {
			isa = XCBuildConfiguration;
			buildSettings = {
				ALWAYS_SEARCH_USER_PATHS = NO;
				CLANG_ANALYZER_NONNULL = YES;
				CLANG_CXX_LANGUAGE_STANDARD = "gnu++0x";
				CLANG_CXX_LIBRARY = "libc++";
				CLANG_ENABLE_MODULES = YES;
				CLANG_ENABLE_OBJC_ARC = YES;
				CLANG_WARN_BOOL_CONVERSION = YES;
				CLANG_WARN_CONSTANT_CONVERSION = YES;
				CLANG_WARN_DIRECT_OBJC_ISA_USAGE = YES_ERROR;
				CLANG_WARN_DOCUMENTATION_COMMENTS = YES;
				CLANG_WARN_EMPTY_BODY = YES;
				CLANG_WARN_ENUM_CONVERSION = YES;
				CLANG_WARN_INFINITE_RECURSION = YES;
				CLANG_WARN_INT_CONVERSION = YES;
				CLANG_WARN_OBJC_ROOT_CLASS = YES_ERROR;
				CLANG_WARN_SUSPICIOUS_MOVE = YES;
				CLANG_WARN_UNREACHABLE_CODE = YES;
				CLANG_WARN__DUPLICATE_METHOD_MATCH = YES;
				"CODE_SIGN_IDENTITY[sdk=iphoneos*]" = "iPhone Developer";
				COPY_PHASE_STRIP = NO;
				DEBUG_INFORMATION_FORMAT = "dwarf-with-dsym";
				ENABLE_NS_ASSERTIONS = NO;
				ENABLE_STRICT_OBJC_MSGSEND = YES;
				GCC_C_LANGUAGE_STANDARD = gnu99;
				GCC_NO_COMMON_BLOCKS = YES;
				GCC_WARN_64_TO_32_BIT_CONVERSION = YES;
				GCC_WARN_ABOUT_RETURN_TYPE = YES_ERROR;
				GCC_WARN_UNDECLARED_SELECTOR = YES;
				GCC_WARN_UNINITIALIZED_AUTOS = YES_AGGRESSIVE;
				GCC_WARN_UNUSED_FUNCTION = YES;
				GCC_WARN_UNUSED_VARIABLE = YES;
				IPHONEOS_DEPLOYMENT_TARGET = 10.2;
				MTL_ENABLE_DEBUG_INFO = NO;
				SDKROOT = iphoneos;
				SWIFT_OPTIMIZATION_LEVEL = "-Owholemodule";
				TARGETED_DEVICE_FAMILY = "1,2";
				VALIDATE_PRODUCT = YES;
			};
			name = Release;
		};
		4AFF87D51E40E13500FA0C0F /* Debug */ = {
			isa = XCBuildConfiguration;
			baseConfigurationReference = D7C1ED5BCC6FF2DABD6F6DF6 /* Pods-socialapp.debug.xcconfig */;
			buildSettings = {
				ASSETCATALOG_COMPILER_APPICON_NAME = AppIcon;
				DEVELOPMENT_TEAM = JKSR5823SA;
				INFOPLIST_FILE = socialapp/Info.plist;
				LD_RUNPATH_SEARCH_PATHS = "$(inherited) @executable_path/Frameworks";
				PRODUCT_BUNDLE_IDENTIFIER = com.kaseyschlaudt.socialapp;
				PRODUCT_NAME = "$(TARGET_NAME)";
				SWIFT_VERSION = 3.0;
			};
			name = Debug;
		};
		4AFF87D61E40E13500FA0C0F /* Release */ = {
			isa = XCBuildConfiguration;
			baseConfigurationReference = D27DC0CB1DC5E6C7D8AC0ADE /* Pods-socialapp.release.xcconfig */;
			buildSettings = {
				ASSETCATALOG_COMPILER_APPICON_NAME = AppIcon;
				DEVELOPMENT_TEAM = JKSR5823SA;
				INFOPLIST_FILE = socialapp/Info.plist;
				LD_RUNPATH_SEARCH_PATHS = "$(inherited) @executable_path/Frameworks";
				PRODUCT_BUNDLE_IDENTIFIER = com.kaseyschlaudt.socialapp;
				PRODUCT_NAME = "$(TARGET_NAME)";
				SWIFT_VERSION = 3.0;
			};
			name = Release;
		};
/* End XCBuildConfiguration section */

/* Begin XCConfigurationList section */
		4AFF87BD1E40E12E00FA0C0F /* Build configuration list for PBXProject "socialapp" */ = {
			isa = XCConfigurationList;
			buildConfigurations = (
				4AFF87D21E40E13500FA0C0F /* Debug */,
				4AFF87D31E40E13500FA0C0F /* Release */,
			);
			defaultConfigurationIsVisible = 0;
			defaultConfigurationName = Release;
		};
		4AFF87D41E40E13500FA0C0F /* Build configuration list for PBXNativeTarget "socialapp" */ = {
			isa = XCConfigurationList;
			buildConfigurations = (
				4AFF87D51E40E13500FA0C0F /* Debug */,
				4AFF87D61E40E13500FA0C0F /* Release */,
			);
			defaultConfigurationIsVisible = 0;
			defaultConfigurationName = Release;
		};
/* End XCConfigurationList section */
	};
	rootObject = 4AFF87BA1E40E12E00FA0C0F /* Project object */;
}
